{
  "name": "ssb-bluetooth",
  "version": "1.1.14",
  "lockfileVersion": 1,
  "requires": true,
  "dependencies": {
    "multiserver-bluetooth": {
      "version": "1.0.9",
      "resolved": "https://registry.npmjs.org/multiserver-bluetooth/-/multiserver-bluetooth-1.0.9.tgz",
      "integrity": "sha512-KZFGXqenT8sMN4V9t7ZyMW6KHYMmTfNJUdaNnNUEfU3y/13OQYQBWRR5goovckFt1zt8yV8jtCIOjc+w3gzMHg=="
    },
    "pull-pushable": {
      "version": "2.2.0",
      "resolved": "https://registry.npmjs.org/pull-pushable/-/pull-pushable-2.2.0.tgz",
      "integrity": "sha1-Xy867UethpGfAbEqLpnW8b13ZYE="
    }
  }
}
