{
  "name": "ssb-bluetooth",
  "version": "1.1.6",
  "lockfileVersion": 1,
  "requires": true,
  "dependencies": {
    "multiserver-bluetooth": {
      "version": "1.0.2",
      "resolved": "https://registry.npmjs.org/multiserver-bluetooth/-/multiserver-bluetooth-1.0.2.tgz",
      "integrity": "sha512-dBDSj42PqTCn3Af2LEyR6U8ErzDaQEKhz/2aGf0FL2aB3G1AeI7FqOYvf35l6RCfHe/rH1G9M07Tw+FKpzmraw=="
    },
    "pull-pushable": {
      "version": "2.2.0",
      "resolved": "https://registry.npmjs.org/pull-pushable/-/pull-pushable-2.2.0.tgz",
      "integrity": "sha1-Xy867UethpGfAbEqLpnW8b13ZYE="
    }
  }
}
